// !$*UTF8*$!
{
	archiveVersion = 1;
	classes = {
	};
	objectVersion = 46;
	objects = {

/* Begin PBXBuildFile section */
		28BD59361BDE6E2C0055ACD1 /* main.m in Sources */ = {isa = PBXBuildFile; fileRef = 28BD59351BDE6E2C0055ACD1 /* main.m */; };
		28BD59411BDE6E2C0055ACD1 /* Assets.xcassets in Resources */ = {isa = PBXBuildFile; fileRef = 28BD59401BDE6E2C0055ACD1 /* Assets.xcassets */; };
		28BD59441BDE6E2C0055ACD1 /* LaunchScreen.storyboard in Resources */ = {isa = PBXBuildFile; fileRef = 28BD59421BDE6E2C0055ACD1 /* LaunchScreen.storyboard */; };
		28BD594D1BDE6E800055ACD1 /* AppDelegate.m in Sources */ = {isa = PBXBuildFile; fileRef = 28BD594C1BDE6E800055ACD1 /* AppDelegate.m */; settings = {ASSET_TAGS = (); }; };
		28BD59501BDE6EA80055ACD1 /* BackgroundTimeRemainingUtility.m in Sources */ = {isa = PBXBuildFile; fileRef = 28BD594F1BDE6EA80055ACD1 /* BackgroundTimeRemainingUtility.m */; settings = {ASSET_TAGS = (); }; };
		28BD59541BDE6ECD0055ACD1 /* ViewController.m in Sources */ = {isa = PBXBuildFile; fileRef = 28BD59521BDE6ECD0055ACD1 /* ViewController.m */; settings = {ASSET_TAGS = (); }; };
		28BD59551BDE6ECD0055ACD1 /* Main.storyboard in Resources */ = {isa = PBXBuildFile; fileRef = 28BD59531BDE6ECD0055ACD1 /* Main.storyboard */; settings = {ASSET_TAGS = (); }; };
		28BD59571BDEAFF20055ACD1 /* sailing.pdf in Resources */ = {isa = PBXBuildFile; fileRef = 28BD59561BDEAFF20055ACD1 /* sailing.pdf */; settings = {ASSET_TAGS = (); }; };
/* End PBXBuildFile section */

/* Begin PBXBuildRule section */
		28BD59591BDEB2080055ACD1 /* PBXBuildRule */ = {
			isa = PBXBuildRule;
			compilerSpec = com.apple.compilers.proxy.script;
			fileType = sourcecode.rez;
			isEditable = 1;
			outputFiles = (
			);
			script = "$(DEVELOPER_BIN_DIR)/Rez";
		};
/* End PBXBuildRule section */

/* Begin PBXFileReference section */
		28BD59311BDE6E2C0055ACD1 /* NSURLSessionUploadTaskExample.app */ = {isa = PBXFileReference; explicitFileType = wrapper.application; includeInIndex = 0; path = NSURLSessionUploadTaskExample.app; sourceTree = BUILT_PRODUCTS_DIR; };
		28BD59351BDE6E2C0055ACD1 /* main.m */ = {isa = PBXFileReference; lastKnownFileType = sourcecode.c.objc; path = main.m; sourceTree = "<group>"; };
		28BD59401BDE6E2C0055ACD1 /* Assets.xcassets */ = {isa = PBXFileReference; lastKnownFileType = folder.assetcatalog; name = Assets.xcassets; path = NSURLSessionUploadExample/Assets.xcassets; sourceTree = SOURCE_ROOT; };
		28BD59431BDE6E2C0055ACD1 /* Base */ = {isa = PBXFileReference; lastKnownFileType = file.storyboard; name = Base; path = Base.lproj/LaunchScreen.storyboard; sourceTree = "<group>"; };
		28BD59451BDE6E2C0055ACD1 /* Info.plist */ = {isa = PBXFileReference; lastKnownFileType = text.plist.xml; path = Info.plist; sourceTree = "<group>"; };
		28BD594B1BDE6E800055ACD1 /* AppDelegate.h */ = {isa = PBXFileReference; fileEncoding = 4; lastKnownFileType = sourcecode.c.h; path = AppDelegate.h; sourceTree = "<group>"; };
		28BD594C1BDE6E800055ACD1 /* AppDelegate.m */ = {isa = PBXFileReference; fileEncoding = 4; lastKnownFileType = sourcecode.c.objc; path = AppDelegate.m; sourceTree = "<group>"; };
		28BD594E1BDE6EA80055ACD1 /* BackgroundTimeRemainingUtility.h */ = {isa = PBXFileReference; fileEncoding = 4; lastKnownFileType = sourcecode.c.h; path = BackgroundTimeRemainingUtility.h; sourceTree = "<group>"; };
		28BD594F1BDE6EA80055ACD1 /* BackgroundTimeRemainingUtility.m */ = {isa = PBXFileReference; fileEncoding = 4; lastKnownFileType = sourcecode.c.objc; path = BackgroundTimeRemainingUtility.m; sourceTree = "<group>"; };
		28BD59511BDE6ECD0055ACD1 /* ViewController.h */ = {isa = PBXFileReference; fileEncoding = 4; lastKnownFileType = sourcecode.c.h; path = ViewController.h; sourceTree = "<group>"; };
		28BD59521BDE6ECD0055ACD1 /* ViewController.m */ = {isa = PBXFileReference; fileEncoding = 4; lastKnownFileType = sourcecode.c.objc; path = ViewController.m; sourceTree = "<group>"; };
		28BD59531BDE6ECD0055ACD1 /* Main.storyboard */ = {isa = PBXFileReference; fileEncoding = 4; lastKnownFileType = file.storyboard; path = Main.storyboard; sourceTree = "<group>"; };
		28BD59561BDEAFF20055ACD1 /* sailing.pdf */ = {isa = PBXFileReference; lastKnownFileType = image.pdf; path = sailing.pdf; sourceTree = "<group>"; };
/* End PBXFileReference section */

/* Begin PBXFrameworksBuildPhase section */
		28BD592E1BDE6E2C0055ACD1 /* Frameworks */ = {
			isa = PBXFrameworksBuildPhase;
			buildActionMask = 2147483647;
			files = (
			);
			runOnlyForDeploymentPostprocessing = 0;
		};
/* End PBXFrameworksBuildPhase section */

/* Begin PBXGroup section */
		28BD59281BDE6E2C0055ACD1 = {
			isa = PBXGroup;
			children = (
				28BD59331BDE6E2C0055ACD1 /* NSURLSessionUploadTaskExample */,
				28BD59321BDE6E2C0055ACD1 /* Products */,
			);
			sourceTree = "<group>";
		};
		28BD59321BDE6E2C0055ACD1 /* Products */ = {
			isa = PBXGroup;
			children = (
				28BD59311BDE6E2C0055ACD1 /* NSURLSessionUploadTaskExample.app */,
			);
			name = Products;
			sourceTree = "<group>";
		};
		28BD59331BDE6E2C0055ACD1 /* NSURLSessionUploadTaskExample */ = {
			isa = PBXGroup;
			children = (
				28BD594B1BDE6E800055ACD1 /* AppDelegate.h */,
				28BD594C1BDE6E800055ACD1 /* AppDelegate.m */,
				28BD594E1BDE6EA80055ACD1 /* BackgroundTimeRemainingUtility.h */,
				28BD594F1BDE6EA80055ACD1 /* BackgroundTimeRemainingUtility.m */,
				28BD59511BDE6ECD0055ACD1 /* ViewController.h */,
				28BD59521BDE6ECD0055ACD1 /* ViewController.m */,
				28BD59531BDE6ECD0055ACD1 /* Main.storyboard */,
				28BD59401BDE6E2C0055ACD1 /* Assets.xcassets */,
				28BD59421BDE6E2C0055ACD1 /* LaunchScreen.storyboard */,
				28BD59561BDEAFF20055ACD1 /* sailing.pdf */,
				28BD59451BDE6E2C0055ACD1 /* Info.plist */,
				28BD59341BDE6E2C0055ACD1 /* Supporting Files */,
			);
			name = NSURLSessionUploadTaskExample;
			path = NSURLSessionUploadExample;
			sourceTree = "<group>";
		};
		28BD59341BDE6E2C0055ACD1 /* Supporting Files */ = {
			isa = PBXGroup;
			children = (
				28BD59351BDE6E2C0055ACD1 /* main.m */,
			);
			name = "Supporting Files";
			sourceTree = "<group>";
		};
/* End PBXGroup section */

/* Begin PBXNativeTarget section */
		28BD59301BDE6E2C0055ACD1 /* NSURLSessionUploadTaskExample */ = {
			isa = PBXNativeTarget;
			buildConfigurationList = 28BD59481BDE6E2C0055ACD1 /* Build configuration list for PBXNativeTarget "NSURLSessionUploadTaskExample" */;
			buildPhases = (
				28BD592D1BDE6E2C0055ACD1 /* Sources */,
				28BD592E1BDE6E2C0055ACD1 /* Frameworks */,
				28BD592F1BDE6E2C0055ACD1 /* Resources */,
			);
			buildRules = (
				28BD59591BDEB2080055ACD1 /* PBXBuildRule */,
			);
			dependencies = (
			);
			name = NSURLSessionUploadTaskExample;
			productName = NSURLSessionUploadExample;
			productReference = 28BD59311BDE6E2C0055ACD1 /* NSURLSessionUploadTaskExample.app */;
			productType = "com.apple.product-type.application";
		};
/* End PBXNativeTarget section */

/* Begin PBXProject section */
		28BD59291BDE6E2C0055ACD1 /* Project object */ = {
			isa = PBXProject;
			attributes = {
				LastUpgradeCheck = 0700;
				ORGANIZATIONNAME = "Bob Dugan";
				TargetAttributes = {
					28BD59301BDE6E2C0055ACD1 = {
						CreatedOnToolsVersion = 7.0.1;
					};
				};
			};
			buildConfigurationList = 28BD592C1BDE6E2C0055ACD1 /* Build configuration list for PBXProject "NSURLSessionUploadTaskExample" */;
			compatibilityVersion = "Xcode 3.2";
			developmentRegion = English;
			hasScannedForEncodings = 0;
			knownRegions = (
				en,
				Base,
			);
			mainGroup = 28BD59281BDE6E2C0055ACD1;
			productRefGroup = 28BD59321BDE6E2C0055ACD1 /* Products */;
			projectDirPath = "";
			projectRoot = "";
			targets = (
				28BD59301BDE6E2C0055ACD1 /* NSURLSessionUploadTaskExample */,
			);
		};
/* End PBXProject section */

/* Begin PBXResourcesBuildPhase section */
		28BD592F1BDE6E2C0055ACD1 /* Resources */ = {
			isa = PBXResourcesBuildPhase;
			buildActionMask = 2147483647;
			files = (
				28BD59551BDE6ECD0055ACD1 /* Main.storyboard in Resources */,
				28BD59441BDE6E2C0055ACD1 /* LaunchScreen.storyboard in Resources */,
				28BD59571BDEAFF20055ACD1 /* sailing.pdf in Resources */,
				28BD59411BDE6E2C0055ACD1 /* Assets.xcassets in Resources */,
			);
			runOnlyForDeploymentPostprocessing = 0;
		};
/* End PBXResourcesBuildPhase section */

/* Begin PBXSourcesBuildPhase section */
		28BD592D1BDE6E2C0055ACD1 /* Sources */ = {
			isa = PBXSourcesBuildPhase;
			buildActionMask = 2147483647;
			files = (
				28BD59501BDE6EA80055ACD1 /* BackgroundTimeRemainingUtility.m in Sources */,
				28BD59361BDE6E2C0055ACD1 /* main.m in Sources */,
				28BD59541BDE6ECD0055ACD1 /* ViewController.m in Sources */,
				28BD594D1BDE6E800055ACD1 /* AppDelegate.m in Sources */,
			);
			runOnlyForDeploymentPostprocessing = 0;
		};
/* End PBXSourcesBuildPhase section */

/* Begin PBXVariantGroup section */
		28BD59421BDE6E2C0055ACD1 /* LaunchScreen.storyboard */ = {
			isa = PBXVariantGroup;
			children = (
				28BD59431BDE6E2C0055ACD1 /* Base */,
			);
			name = LaunchScreen.storyboard;
			sourceTree = "<group>";
		};
/* End PBXVariantGroup section */

/* Begin XCBuildConfiguration section */
		28BD59461BDE6E2C0055ACD1 /* Debug */ = {
			isa = XCBuildConfiguration;
			buildSettings = {
				ALWAYS_SEARCH_USER_PATHS = NO;
				CLANG_CXX_LANGUAGE_STANDARD = "gnu++0x";
				CLANG_CXX_LIBRARY = "libc++";
				CLANG_ENABLE_MODULES = YES;
				CLANG_ENABLE_OBJC_ARC = YES;
				CLANG_WARN_BOOL_CONVERSION = YES;
				CLANG_WARN_CONSTANT_CONVERSION = YES;
				CLANG_WARN_DIRECT_OBJC_ISA_USAGE = YES_ERROR;
				CLANG_WARN_EMPTY_BODY = YES;
				CLANG_WARN_ENUM_CONVERSION = YES;
				CLANG_WARN_INT_CONVERSION = YES;
				CLANG_WARN_OBJC_ROOT_CLASS = YES_ERROR;
				CLANG_WARN_UNREACHABLE_CODE = YES;
				CLANG_WARN__DUPLICATE_METHOD_MATCH = YES;
				"CODE_SIGN_IDENTITY[sdk=iphoneos*]" = "iPhone Developer";
				COPY_PHASE_STRIP = NO;
				DEBUG_INFORMATION_FORMAT = dwarf;
				ENABLE_STRICT_OBJC_MSGSEND = YES;
				ENABLE_TESTABILITY = YES;
				GCC_C_LANGUAGE_STANDARD = gnu99;
				GCC_DYNAMIC_NO_PIC = NO;
				GCC_NO_COMMON_BLOCKS = YES;
				GCC_OPTIMIZATION_LEVEL = 0;
				GCC_PREPROCESSOR_DEFINITIONS = (
					"DEBUG=1",
					"$(inherited)",
				);
				GCC_WARN_64_TO_32_BIT_CONVERSION = YES;
				GCC_WARN_ABOUT_RETURN_TYPE = YES_ERROR;
				GCC_WARN_UNDECLARED_SELECTOR = YES;
				GCC_WARN_UNINITIALIZED_AUTOS = YES_AGGRESSIVE;
				GCC_WARN_UNUSED_FUNCTION = YES;
				GCC_WARN_UNUSED_VARIABLE = YES;
				IPHONEOS_DEPLOYMENT_TARGET = 8.4;
				MTL_ENABLE_DEBUG_INFO = YES;
				ONLY_ACTIVE_ARCH = YES;
				SDKROOT = iphoneos;
				TARGETED_DEVICE_FAMILY = "1,2";
			};
			name = Debug;
		};
		28BD59471BDE6E2C0055ACD1 /* Release */ = {
			isa = XCBuildConfiguration;
			buildSettings = {
				ALWAYS_SEARCH_USER_PATHS = NO;
				CLANG_CXX_LANGUAGE_STANDARD = "gnu++0x";
				CLANG_CXX_LIBRARY = "libc++";
				CLANG_ENABLE_MODULES = YES;
				CLANG_ENABLE_OBJC_ARC = YES;
				CLANG_WARN_BOOL_CONVERSION = YES;
				CLANG_WARN_CONSTANT_CONVERSION = YES;
				CLANG_WARN_DIRECT_OBJC_ISA_USAGE = YES_ERROR;
				CLANG_WARN_EMPTY_BODY = YES;
				CLANG_WARN_ENUM_CONVERSION = YES;
				CLANG_WARN_INT_CONVERSION = YES;
				CLANG_WARN_OBJC_ROOT_CLASS = YES_ERROR;
				CLANG_WARN_UNREACHABLE_CODE = YES;
				CLANG_WARN__DUPLICATE_METHOD_MATCH = YES;
				"CODE_SIGN_IDENTITY[sdk=iphoneos*]" = "iPhone Developer";
				COPY_PHASE_STRIP = NO;
				DEBUG_INFORMATION_FORMAT = "dwarf-with-dsym";
				ENABLE_NS_ASSERTIONS = NO;
				ENABLE_STRICT_OBJC_MSGSEND = YES;
				GCC_C_LANGUAGE_STANDARD = gnu99;
				GCC_NO_COMMON_BLOCKS = YES;
				GCC_WARN_64_TO_32_BIT_CONVERSION = YES;
				GCC_WARN_ABOUT_RETURN_TYPE = YES_ERROR;
				GCC_WARN_UNDECLARED_SELECTOR = YES;
				GCC_WARN_UNINITIALIZED_AUTOS = YES_AGGRESSIVE;
				GCC_WARN_UNUSED_FUNCTION = YES;
				GCC_WARN_UNUSED_VARIABLE = YES;
				IPHONEOS_DEPLOYMENT_TARGET = 8.4;
				MTL_ENABLE_DEBUG_INFO = NO;
				SDKROOT = iphoneos;
				TARGETED_DEVICE_FAMILY = "1,2";
				VALIDATE_PRODUCT = YES;
			};
			name = Release;
		};
		28BD59491BDE6E2C0055ACD1 /* Debug */ = {
			isa = XCBuildConfiguration;
			buildSettings = {
				ASSETCATALOG_COMPILER_APPICON_NAME = AppIcon;
				CODE_SIGN_IDENTITY = "iPhone Developer";
				GENERATE_PROFILING_CODE = YES;
				INFOPLIST_FILE = NSURLSessionUploadExample/Info.plist;
				IPHONEOS_DEPLOYMENT_TARGET = 8.4;
				LD_RUNPATH_SEARCH_PATHS = "$(inherited) @executable_path/Frameworks";
				PRODUCT_BUNDLE_IDENTIFIER = stonehill.edu.NSURLSessionUploadTaskExample;
				PRODUCT_NAME = NSURLSessionUploadTaskExample;
				VALIDATE_PRODUCT = YES;
			};
			name = Debug;
		};
		28BD594A1BDE6E2C0055ACD1 /* Release */ = {
			isa = XCBuildConfiguration;
			buildSettings = {
				ASSETCATALOG_COMPILER_APPICON_NAME = AppIcon;
				CODE_SIGN_IDENTITY = "iPhone Developer";
				GENERATE_PROFILING_CODE = YES;
				INFOPLIST_FILE = NSURLSessionUploadExample/Info.plist;
				IPHONEOS_DEPLOYMENT_TARGET = 8.4;
				LD_RUNPATH_SEARCH_PATHS = "$(inherited) @executable_path/Frameworks";
				PRODUCT_BUNDLE_IDENTIFIER = stonehill.edu.NSURLSessionUploadTaskExample;
				PRODUCT_NAME = NSURLSessionUploadTaskExample;
			};
			name = Release;
		};
/* End XCBuildConfiguration section */

/* Begin XCConfigurationList section */
		28BD592C1BDE6E2C0055ACD1 /* Build configuration list for PBXProject "NSURLSessionUploadTaskExample" */ = {
			isa = XCConfigurationList;
			buildConfigurations = (
				28BD59461BDE6E2C0055ACD1 /* Debug */,
				28BD59471BDE6E2C0055ACD1 /* Release */,
			);
			defaultConfigurationIsVisible = 0;
			defaultConfigurationName = Debug;
		};
		28BD59481BDE6E2C0055ACD1 /* Build configuration list for PBXNativeTarget "NSURLSessionUploadTaskExample" */ = {
			isa = XCConfigurationList;
			buildConfigurations = (
				28BD59491BDE6E2C0055ACD1 /* Debug */,
				28BD594A1BDE6E2C0055ACD1 /* Release */,
			);
			defaultConfigurationIsVisible = 0;
			defaultConfigurationName = Debug;
		};
/* End XCConfigurationList section */
	};
	rootObject = 28BD59291BDE6E2C0055ACD1 /* Project object */;
}
